
Microsoft Visual Studio Solution File, Format Version 12.00
# Visual Studio Version 18
VisualStudioVersion = 18.1.11312.151
MinimumVisualStudioVersion = 10.0.40219.1
Project("{FAE04EC0-301F-11D3-BF4B-00C04F79EFBC}") = "Package_AlexMysnyk", "Package_AlexMysnyk.csproj", "{4CD579B8-E599-AECC-466D-016B4356B7C7}"
EndProject
Project("{FAE04EC0-301F-11D3-BF4B-00C04F79EFBC}") = "Common_AlexMysnyk", "..\Common_AlexMysnyk\Common_AlexMysnyk.csproj", "{FE0EFD73-17C4-48FD-885D-6BA801000545}"
EndProject
Global
	GlobalSection(SolutionConfigurationPlatforms) = preSolution
		Debug|Any CPU = Debug|Any CPU
		Release|Any CPU = Release|Any CPU
	EndGlobalSection
	GlobalSection(ProjectConfigurationPlatforms) = postSolution
		{4CD579B8-E599-AECC-466D-016B4356B7C7}.Debug|Any CPU.ActiveCfg = Debug|Any CPU
		{4CD579B8-E599-AECC-466D-016B4356B7C7}.Debug|Any CPU.Build.0 = Debug|Any CPU
		{4CD579B8-E599-AECC-466D-016B4356B7C7}.Release|Any CPU.ActiveCfg = Release|Any CPU
		{4CD579B8-E599-AECC-466D-016B4356B7C7}.Release|Any CPU.Build.0 = Release|Any CPU
		{FE0EFD73-17C4-48FD-885D-6BA801000545}.Debug|Any CPU.ActiveCfg = Debug|Any CPU
		{FE0EFD73-17C4-48FD-885D-6BA801000545}.Debug|Any CPU.Build.0 = Debug|Any CPU
		{FE0EFD73-17C4-48FD-885D-6BA801000545}.Release|Any CPU.ActiveCfg = Release|Any CPU
		{FE0EFD73-17C4-48FD-885D-6BA801000545}.Release|Any CPU.Build.0 = Release|Any CPU
	EndGlobalSection
	GlobalSection(SolutionProperties) = preSolution
		HideSolutionNode = FALSE
	EndGlobalSection
	GlobalSection(ExtensibilityGlobals) = postSolution
		SolutionGuid = {F3BD7E7B-F845-484D-A363-D8D0C1E9AD58}
	EndGlobalSection
EndGlobal
